{
  "name": "vahan-dashboard-server",
  "version": "1.0.0",
  "lockfileVersion": 1,
  "requires": true,
  "dependencies": {
    "agent-base": {
      "version": "9.0.0",
      "resolved": "https://registry.npmjs.org/agent-base/-/agent-base-9.0.0.tgz",
      "integrity": "sha512-TQf59BsZnytt8GdJKLPfUZ54g/iaUL2OWDSFCCvMOhsHduDQxO8xC4PNeyIkVcA5KwL2phPSv0douC0fgWzmnA=="
    },
    "http-cookie-agent": {
      "version": "8.0.0",
      "resolved": "https://registry.npmjs.org/http-cookie-agent/-/http-cookie-agent-8.0.0.tgz",
      "integrity": "sha512-c5A2W4NXYRQR+ZOEA+nzLlWj0K7zXAG21UZaDKfZrFSlmmb1MMXBVDhQJNUNYkYJZwFi0ptlNu4r37tEM45tvg==",
      "requires": {
        "agent-base": "^9.0.0"
      }
    }
  }
}
